{
  "name": "node-resemble-js",
  "version": "0.2.0",
  "lockfileVersion": 1,
  "requires": true,
  "dependencies": {
    "@types/jpeg-js": {
      "version": "0.3.0",
      "resolved": "https://registry.npmjs.org/@types/jpeg-js/-/jpeg-js-0.3.0.tgz",
      "integrity": "sha512-S6bajx+UpnHzh/nFgGOJ8uvDCElV+eGvljDpJKHK2FW53erZxhX+CitbUFbrsmZi1h/I+DzvGp0MWyKl3dF1yw==",
      "dev": true,
      "requires": {
        "@types/node": "8.5.2"
      }
    },
    "@types/node": {
      "version": "8.5.2",
      "resolved": "https://registry.npmjs.org/@types/node/-/node-8.5.2.tgz",
      "integrity": "sha512-KA4GKOpgXnrqEH2eCVhiv2CsxgXGQJgV1X0vsGlh+WCnxbeAE1GT44ZsTU1IN5dEeV/gDupKa7gWo08V5IxWVQ==",
      "dev": true
    },
    "@types/pngjs": {
      "version": "3.3.0",
      "resolved": "https://registry.npmjs.org/@types/pngjs/-/pngjs-3.3.0.tgz",
      "integrity": "sha512-/Ln+QGL4c8dms6iT0EcvDJQ/pRtIJ0HApr4edgQSz+8ztkmDXGawJWLxwinQ4hlqYQW/5CcQG7qOdekV0gAHfg==",
      "dev": true,
      "requires": {
        "@types/node": "8.5.2"
      }
    },
    "argparse": {
      "version": "1.0.9",
      "resolved": "https://registry.npmjs.org/argparse/-/argparse-1.0.9.tgz",
      "integrity": "sha1-c9g7wmP4bpf4zE9rrhsOkKfSLIY=",
      "dev": true,
      "requires": {
        "sprintf-js": "1.0.3"
      }
    },
    "beater": {
      "version": "5.0.1",
      "resolved": "https://registry.npmjs.org/beater/-/beater-5.0.1.tgz",
      "integrity": "sha1-JcGwN6KrA6Qqn6es/bXiCUh/hnU=",
      "dev": true,
      "requires": {
        "beater-reporter": "0.4.0",
        "beater-tap-reporter": "1.0.3"
      }
    },
    "beater-reporter": {
      "version": "0.4.0",
      "resolved": "https://registry.npmjs.org/beater-reporter/-/beater-reporter-0.4.0.tgz",
      "integrity": "sha1-kEJ0P/Ur2sJG/yCv0VaBUvoplsA=",
      "dev": true
    },
    "beater-tap-reporter": {
      "version": "1.0.3",
      "resolved": "https://registry.npmjs.org/beater-tap-reporter/-/beater-tap-reporter-1.0.3.tgz",
      "integrity": "sha1-PlxYukkWtmRQD/txW/p/pxDoWsY=",
      "dev": true,
      "requires": {
        "beater-reporter": "0.4.0"
      }
    },
    "esprima": {
      "version": "4.0.0",
      "resolved": "https://registry.npmjs.org/esprima/-/esprima-4.0.0.tgz",
      "integrity": "sha512-oftTcaMu/EGrEIu904mWteKIv8vMuOgGYo7EhVJJN00R/EED9DCua/xxHRdYnKtcECzVg7xOWhflvJMnqcFZjw==",
      "dev": true
    },
    "events-to-array": {
      "version": "1.1.2",
      "resolved": "https://registry.npmjs.org/events-to-array/-/events-to-array-1.1.2.tgz",
      "integrity": "sha1-LUH1Y+H+QA7Uli/hpNXGp1Od9/Y=",
      "dev": true
    },
    "jpeg-js": {
      "version": "0.2.0",
      "resolved": "https://registry.npmjs.org/jpeg-js/-/jpeg-js-0.2.0.tgz",
      "integrity": "sha1-U+RI7J0mPmgyZkZ+lELSxaLvVII="
    },
    "js-yaml": {
      "version": "3.10.0",
      "resolved": "https://registry.npmjs.org/js-yaml/-/js-yaml-3.10.0.tgz",
      "integrity": "sha512-O2v52ffjLa9VeM43J4XocZE//WT9N0IiwDa3KSHH7Tu8CtH+1qM8SIZvnsTh6v+4yFy5KUY3BHUVwjpfAWsjIA==",
      "dev": true,
      "requires": {
        "argparse": "1.0.9",
        "esprima": "4.0.0"
      }
    },
    "minipass": {
      "version": "2.2.1",
      "resolved": "https://registry.npmjs.org/minipass/-/minipass-2.2.1.tgz",
      "integrity": "sha512-u1aUllxPJUI07cOqzR7reGmQxmCqlH88uIIsf6XZFEWgw7gXKpJdR+5R9Y3KEDmWYkdIz9wXZs3C0jOPxejk/Q==",
      "dev": true,
      "requires": {
        "yallist": "3.0.2"
      }
    },
    "pngjs": {
      "version": "2.2.0",
      "resolved": "https://registry.npmjs.org/pngjs/-/pngjs-2.2.0.tgz",
      "integrity": "sha1-ZJZjYJoOurh8jwiz/nJASLUdnX8="
    },
    "sprintf-js": {
      "version": "1.0.3",
      "resolved": "https://registry.npmjs.org/sprintf-js/-/sprintf-js-1.0.3.tgz",
      "integrity": "sha1-BOaSb2YolTVPPdAVIDYzuFcpfiw=",
      "dev": true
    },
    "tap-dot-b": {
      "version": "0.1.0",
      "resolved": "https://registry.npmjs.org/tap-dot-b/-/tap-dot-b-0.1.0.tgz",
      "integrity": "sha1-s2HvTjRELuESwJG5x2muYE6VNwo=",
      "dev": true,
      "requires": {
        "js-yaml": "3.10.0",
        "tap-parser": "6.0.1"
      }
    },
    "tap-parser": {
      "version": "6.0.1",
      "resolved": "https://registry.npmjs.org/tap-parser/-/tap-parser-6.0.1.tgz",
      "integrity": "sha512-1H9S4sE0etZqr0Ox3d5eCai5xrIk1zbR4pXxuNXAWo8PtoZDGsj2qrsOM1qaAW9JhwDgfAhllWaqCnysf4uVBg==",
      "dev": true,
      "requires": {
        "events-to-array": "1.1.2",
        "js-yaml": "3.10.0",
        "minipass": "2.2.1"
      }
    },
    "typescript": {
      "version": "2.6.2",
      "resolved": "https://registry.npmjs.org/typescript/-/typescript-2.6.2.tgz",
      "integrity": "sha1-PFtv1/beCRQmkCfwPAlGdY92c6Q=",
      "dev": true
    },
    "yallist": {
      "version": "3.0.2",
      "resolved": "https://registry.npmjs.org/yallist/-/yallist-3.0.2.tgz",
      "integrity": "sha1-hFK0u36Dx8GI2AQcGoN8dz1ti7k=",
      "dev": true
    }
  }
}
